
Microsoft Visual Studio Solution File, Format Version 12.00
# Visual Studio Version 17
VisualStudioVersion = 17.0.32112.339
MinimumVisualStudioVersion = 10.0.40219.1
Project("{FAE04EC0-301F-11D3-BF4B-00C04F79EFBC}") = "WorkoutMaster.Android", "WorkoutMaster\WorkoutMaster.Android\WorkoutMaster.Android.csproj", "{11574E78-BD0B-442D-8BF3-38CF44C0D7DA}"
EndProject
Project("{FAE04EC0-301F-11D3-BF4B-00C04F79EFBC}") = "WorkoutMaster", "WorkoutMaster\WorkoutMaster\WorkoutMaster.csproj", "{D71C1DCB-0563-4AAB-B7E7-9662D7F322EA}"
EndProject
Global
	GlobalSection(SolutionConfigurationPlatforms) = preSolution
		Debug|Any CPU = Debug|Any CPU
		Release|Any CPU = Release|Any CPU
	EndGlobalSection
	GlobalSection(ProjectConfigurationPlatforms) = postSolution
		{11574E78-BD0B-442D-8BF3-38CF44C0D7DA}.Debug|Any CPU.ActiveCfg = Debug|Any CPU
		{11574E78-BD0B-442D-8BF3-38CF44C0D7DA}.Debug|Any CPU.Build.0 = Debug|Any CPU
		{11574E78-BD0B-442D-8BF3-38CF44C0D7DA}.Debug|Any CPU.Deploy.0 = Debug|Any CPU
		{11574E78-BD0B-442D-8BF3-38CF44C0D7DA}.Release|Any CPU.ActiveCfg = Release|Any CPU
		{11574E78-BD0B-442D-8BF3-38CF44C0D7DA}.Release|Any CPU.Build.0 = Release|Any CPU
		{11574E78-BD0B-442D-8BF3-38CF44C0D7DA}.Release|Any CPU.Deploy.0 = Release|Any CPU
		{D71C1DCB-0563-4AAB-B7E7-9662D7F322EA}.Debug|Any CPU.ActiveCfg = Debug|Any CPU
		{D71C1DCB-0563-4AAB-B7E7-9662D7F322EA}.Debug|Any CPU.Build.0 = Debug|Any CPU
		{D71C1DCB-0563-4AAB-B7E7-9662D7F322EA}.Debug|Any CPU.Deploy.0 = Debug|Any CPU
		{D71C1DCB-0563-4AAB-B7E7-9662D7F322EA}.Release|Any CPU.ActiveCfg = Release|Any CPU
		{D71C1DCB-0563-4AAB-B7E7-9662D7F322EA}.Release|Any CPU.Build.0 = Release|Any CPU
		{D71C1DCB-0563-4AAB-B7E7-9662D7F322EA}.Release|Any CPU.Deploy.0 = Release|Any CPU
	EndGlobalSection
	GlobalSection(SolutionProperties) = preSolution
		HideSolutionNode = FALSE
	EndGlobalSection
	GlobalSection(ExtensibilityGlobals) = postSolution
		SolutionGuid = {091F92F9-8BE5-4416-977B-A1E1E8F99D39}
	EndGlobalSection
EndGlobal
